// !$*UTF8*$!
{
	archiveVersion = 1;
	classes = {
	};
	objectVersion = 50;
	objects = {

/* Begin PBXBuildFile section */
		409CF2CF2373CBDD002E5B3A /* AppDelegate.m in Sources */ = {isa = PBXBuildFile; fileRef = 409CF2CE2373CBDD002E5B3A /* AppDelegate.m */; };
		409CF2D22373CBDD002E5B3A /* ViewController.m in Sources */ = {isa = PBXBuildFile; fileRef = 409CF2D12373CBDD002E5B3A /* ViewController.m */; };
		409CF2D52373CBDD002E5B3A /* Main.storyboard in Resources */ = {isa = PBXBuildFile; fileRef = 409CF2D32373CBDD002E5B3A /* Main.storyboard */; };
		409CF2D72373CBDE002E5B3A /* Assets.xcassets in Resources */ = {isa = PBXBuildFile; fileRef = 409CF2D62373CBDE002E5B3A /* Assets.xcassets */; };
		409CF2DA2373CBDE002E5B3A /* LaunchScreen.storyboard in Resources */ = {isa = PBXBuildFile; fileRef = 409CF2D82373CBDE002E5B3A /* LaunchScreen.storyboard */; };
		409CF2DD2373CBDE002E5B3A /* main.m in Sources */ = {isa = PBXBuildFile; fileRef = 409CF2DC2373CBDE002E5B3A /* main.m */; };
		409CF2E72373CCB0002E5B3A /* ELibsManager.framework in Frameworks */ = {isa = PBXBuildFile; fileRef = 409CF2E52373CCB0002E5B3A /* ELibsManager.framework */; };
		409CF2E82373CCB1002E5B3A /* EServiceSDK.framework in Frameworks */ = {isa = PBXBuildFile; fileRef = 409CF2E62373CCB0002E5B3A /* EServiceSDK.framework */; };
/* End PBXBuildFile section */

/* Begin PBXFileReference section */
		409CF2CA2373CBDD002E5B3A /* EasyLibs.app */ = {isa = PBXFileReference; explicitFileType = wrapper.application; includeInIndex = 0; path = EasyLibs.app; sourceTree = BUILT_PRODUCTS_DIR; };
		409CF2CD2373CBDD002E5B3A /* AppDelegate.h */ = {isa = PBXFileReference; lastKnownFileType = sourcecode.c.h; path = AppDelegate.h; sourceTree = "<group>"; };
		409CF2CE2373CBDD002E5B3A /* AppDelegate.m */ = {isa = PBXFileReference; lastKnownFileType = sourcecode.c.objc; path = AppDelegate.m; sourceTree = "<group>"; };
		409CF2D02373CBDD002E5B3A /* ViewController.h */ = {isa = PBXFileReference; lastKnownFileType = sourcecode.c.h; path = ViewController.h; sourceTree = "<group>"; };
		409CF2D12373CBDD002E5B3A /* ViewController.m */ = {isa = PBXFileReference; lastKnownFileType = sourcecode.c.objc; path = ViewController.m; sourceTree = "<group>"; };
		409CF2D42373CBDD002E5B3A /* Base */ = {isa = PBXFileReference; lastKnownFileType = file.storyboard; name = Base; path = Base.lproj/Main.storyboard; sourceTree = "<group>"; };
		409CF2D62373CBDE002E5B3A /* Assets.xcassets */ = {isa = PBXFileReference; lastKnownFileType = folder.assetcatalog; path = Assets.xcassets; sourceTree = "<group>"; };
		409CF2D92373CBDE002E5B3A /* Base */ = {isa = PBXFileReference; lastKnownFileType = file.storyboard; name = Base; path = Base.lproj/LaunchScreen.storyboard; sourceTree = "<group>"; };
		409CF2DB2373CBDE002E5B3A /* Info.plist */ = {isa = PBXFileReference; lastKnownFileType = text.plist.xml; path = Info.plist; sourceTree = "<group>"; };
		409CF2DC2373CBDE002E5B3A /* main.m */ = {isa = PBXFileReference; lastKnownFileType = sourcecode.c.objc; path = main.m; sourceTree = "<group>"; };
		409CF2E52373CCB0002E5B3A /* ELibsManager.framework */ = {isa = PBXFileReference; lastKnownFileType = wrapper.framework; path = ELibsManager.framework; sourceTree = "<group>"; };
		409CF2E62373CCB0002E5B3A /* EServiceSDK.framework */ = {isa = PBXFileReference; lastKnownFileType = wrapper.framework; path = EServiceSDK.framework; sourceTree = "<group>"; };
/* End PBXFileReference section */

/* Begin PBXFrameworksBuildPhase section */
		409CF2C72373CBDD002E5B3A /* Frameworks */ = {
			isa = PBXFrameworksBuildPhase;
			buildActionMask = 2147483647;
			files = (
				409CF2E72373CCB0002E5B3A /* ELibsManager.framework in Frameworks */,
				409CF2E82373CCB1002E5B3A /* EServiceSDK.framework in Frameworks */,
			);
			runOnlyForDeploymentPostprocessing = 0;
		};
/* End PBXFrameworksBuildPhase section */

/* Begin PBXGroup section */
		409CF2C12373CBDD002E5B3A = {
			isa = PBXGroup;
			children = (
				409CF2E42373CC56002E5B3A /* Framework */,
				409CF2E32373CC4C002E5B3A /* EasyCore */,
				409CF2CC2373CBDD002E5B3A /* EasyLibs */,
				409CF2CB2373CBDD002E5B3A /* Products */,
			);
			sourceTree = "<group>";
		};
		409CF2CB2373CBDD002E5B3A /* Products */ = {
			isa = PBXGroup;
			children = (
				409CF2CA2373CBDD002E5B3A /* EasyLibs.app */,
			);
			name = Products;
			sourceTree = "<group>";
		};
		409CF2CC2373CBDD002E5B3A /* EasyLibs */ = {
			isa = PBXGroup;
			children = (
				409CF2CD2373CBDD002E5B3A /* AppDelegate.h */,
				409CF2CE2373CBDD002E5B3A /* AppDelegate.m */,
				409CF2D02373CBDD002E5B3A /* ViewController.h */,
				409CF2D12373CBDD002E5B3A /* ViewController.m */,
				409CF2D32373CBDD002E5B3A /* Main.storyboard */,
				409CF2D62373CBDE002E5B3A /* Assets.xcassets */,
				409CF2D82373CBDE002E5B3A /* LaunchScreen.storyboard */,
				409CF2DB2373CBDE002E5B3A /* Info.plist */,
				409CF2DC2373CBDE002E5B3A /* main.m */,
			);
			path = EasyLibs;
			sourceTree = "<group>";
		};
		409CF2E32373CC4C002E5B3A /* EasyCore */ = {
			isa = PBXGroup;
			children = (
			);
			path = EasyCore;
			sourceTree = "<group>";
		};
		409CF2E42373CC56002E5B3A /* Framework */ = {
			isa = PBXGroup;
			children = (
				409CF2E52373CCB0002E5B3A /* ELibsManager.framework */,
				409CF2E62373CCB0002E5B3A /* EServiceSDK.framework */,
			);
			path = Framework;
			sourceTree = "<group>";
		};
/* End PBXGroup section */

/* Begin PBXNativeTarget section */
		409CF2C92373CBDD002E5B3A /* EasyLibs */ = {
			isa = PBXNativeTarget;
			buildConfigurationList = 409CF2E02373CBDE002E5B3A /* Build configuration list for PBXNativeTarget "EasyLibs" */;
			buildPhases = (
				409CF2C62373CBDD002E5B3A /* Sources */,
				409CF2C72373CBDD002E5B3A /* Frameworks */,
				409CF2C82373CBDD002E5B3A /* Resources */,
			);
			buildRules = (
			);
			dependencies = (
			);
			name = EasyLibs;
			productName = EasyLibs;
			productReference = 409CF2CA2373CBDD002E5B3A /* EasyLibs.app */;
			productType = "com.apple.product-type.application";
		};
/* End PBXNativeTarget section */

/* Begin PBXProject section */
		409CF2C22373CBDD002E5B3A /* Project object */ = {
			isa = PBXProject;
			attributes = {
				LastUpgradeCheck = 1020;
				ORGANIZATIONNAME = easy;
				TargetAttributes = {
					409CF2C92373CBDD002E5B3A = {
						CreatedOnToolsVersion = 10.2.1;
					};
				};
			};
			buildConfigurationList = 409CF2C52373CBDD002E5B3A /* Build configuration list for PBXProject "EasyLibs" */;
			compatibilityVersion = "Xcode 9.3";
			developmentRegion = en;
			hasScannedForEncodings = 0;
			knownRegions = (
				en,
				Base,
			);
			mainGroup = 409CF2C12373CBDD002E5B3A;
			productRefGroup = 409CF2CB2373CBDD002E5B3A /* Products */;
			projectDirPath = "";
			projectRoot = "";
			targets = (
				409CF2C92373CBDD002E5B3A /* EasyLibs */,
			);
		};
/* End PBXProject section */

/* Begin PBXResourcesBuildPhase section */
		409CF2C82373CBDD002E5B3A /* Resources */ = {
			isa = PBXResourcesBuildPhase;
			buildActionMask = 2147483647;
			files = (
				409CF2DA2373CBDE002E5B3A /* LaunchScreen.storyboard in Resources */,
				409CF2D72373CBDE002E5B3A /* Assets.xcassets in Resources */,
				409CF2D52373CBDD002E5B3A /* Main.storyboard in Resources */,
			);
			runOnlyForDeploymentPostprocessing = 0;
		};
/* End PBXResourcesBuildPhase section */

/* Begin PBXSourcesBuildPhase section */
		409CF2C62373CBDD002E5B3A /* Sources */ = {
			isa = PBXSourcesBuildPhase;
			buildActionMask = 2147483647;
			files = (
				409CF2D22373CBDD002E5B3A /* ViewController.m in Sources */,
				409CF2DD2373CBDE002E5B3A /* main.m in Sources */,
				409CF2CF2373CBDD002E5B3A /* AppDelegate.m in Sources */,
			);
			runOnlyForDeploymentPostprocessing = 0;
		};
/* End PBXSourcesBuildPhase section */

/* Begin PBXVariantGroup section */
		409CF2D32373CBDD002E5B3A /* Main.storyboard */ = {
			isa = PBXVariantGroup;
			children = (
				409CF2D42373CBDD002E5B3A /* Base */,
			);
			name = Main.storyboard;
			sourceTree = "<group>";
		};
		409CF2D82373CBDE002E5B3A /* LaunchScreen.storyboard */ = {
			isa = PBXVariantGroup;
			children = (
				409CF2D92373CBDE002E5B3A /* Base */,
			);
			name = LaunchScreen.storyboard;
			sourceTree = "<group>";
		};
/* End PBXVariantGroup section */

/* Begin XCBuildConfiguration section */
		409CF2DE2373CBDE002E5B3A /* Debug */ = {
			isa = XCBuildConfiguration;
			buildSettings = {
				ALWAYS_SEARCH_USER_PATHS = NO;
				CLANG_ANALYZER_NONNULL = YES;
				CLANG_ANALYZER_NUMBER_OBJECT_CONVERSION = YES_AGGRESSIVE;
				CLANG_CXX_LANGUAGE_STANDARD = "gnu++14";
				CLANG_CXX_LIBRARY = "libc++";
				CLANG_ENABLE_MODULES = YES;
				CLANG_ENABLE_OBJC_ARC = YES;
				CLANG_ENABLE_OBJC_WEAK = YES;
				CLANG_WARN_BLOCK_CAPTURE_AUTORELEASING = YES;
				CLANG_WARN_BOOL_CONVERSION = YES;
				CLANG_WARN_COMMA = YES;
				CLANG_WARN_CONSTANT_CONVERSION = YES;
				CLANG_WARN_DEPRECATED_OBJC_IMPLEMENTATIONS = YES;
				CLANG_WARN_DIRECT_OBJC_ISA_USAGE = YES_ERROR;
				CLANG_WARN_DOCUMENTATION_COMMENTS = YES;
				CLANG_WARN_EMPTY_BODY = YES;
				CLANG_WARN_ENUM_CONVERSION = YES;
				CLANG_WARN_INFINITE_RECURSION = YES;
				CLANG_WARN_INT_CONVERSION = YES;
				CLANG_WARN_NON_LITERAL_NULL_CONVERSION = YES;
				CLANG_WARN_OBJC_IMPLICIT_RETAIN_SELF = YES;
				CLANG_WARN_OBJC_LITERAL_CONVERSION = YES;
				CLANG_WARN_OBJC_ROOT_CLASS = YES_ERROR;
				CLANG_WARN_RANGE_LOOP_ANALYSIS = YES;
				CLANG_WARN_STRICT_PROTOTYPES = YES;
				CLANG_WARN_SUSPICIOUS_MOVE = YES;
				CLANG_WARN_UNGUARDED_AVAILABILITY = YES_AGGRESSIVE;
				CLANG_WARN_UNREACHABLE_CODE = YES;
				CLANG_WARN__DUPLICATE_METHOD_MATCH = YES;
				CODE_SIGN_IDENTITY = "iPhone Developer";
				COPY_PHASE_STRIP = NO;
				DEBUG_INFORMATION_FORMAT = dwarf;
				ENABLE_STRICT_OBJC_MSGSEND = YES;
				ENABLE_TESTABILITY = YES;
				GCC_C_LANGUAGE_STANDARD = gnu11;
				GCC_DYNAMIC_NO_PIC = NO;
				GCC_NO_COMMON_BLOCKS = YES;
				GCC_OPTIMIZATION_LEVEL = 0;
				GCC_PREPROCESSOR_DEFINITIONS = (
					"DEBUG=1",
					"$(inherited)",
				);
				GCC_WARN_64_TO_32_BIT_CONVERSION = YES;
				GCC_WARN_ABOUT_RETURN_TYPE = YES_ERROR;
				GCC_WARN_UNDECLARED_SELECTOR = YES;
				GCC_WARN_UNINITIALIZED_AUTOS = YES_AGGRESSIVE;
				GCC_WARN_UNUSED_FUNCTION = YES;
				GCC_WARN_UNUSED_VARIABLE = YES;
				IPHONEOS_DEPLOYMENT_TARGET = 12.2;
				MTL_ENABLE_DEBUG_INFO = INCLUDE_SOURCE;
				MTL_FAST_MATH = YES;
				ONLY_ACTIVE_ARCH = YES;
				SDKROOT = iphoneos;
			};
			name = Debug;
		};
		409CF2DF2373CBDE002E5B3A /* Release */ = {
			isa = XCBuildConfiguration;
			buildSettings = {
				ALWAYS_SEARCH_USER_PATHS = NO;
				CLANG_ANALYZER_NONNULL = YES;
				CLANG_ANALYZER_NUMBER_OBJECT_CONVERSION = YES_AGGRESSIVE;
				CLANG_CXX_LANGUAGE_STANDARD = "gnu++14";
				CLANG_CXX_LIBRARY = "libc++";
				CLANG_ENABLE_MODULES = YES;
				CLANG_ENABLE_OBJC_ARC = YES;
				CLANG_ENABLE_OBJC_WEAK = YES;
				CLANG_WARN_BLOCK_CAPTURE_AUTORELEASING = YES;
				CLANG_WARN_BOOL_CONVERSION = YES;
				CLANG_WARN_COMMA = YES;
				CLANG_WARN_CONSTANT_CONVERSION = YES;
				CLANG_WARN_DEPRECATED_OBJC_IMPLEMENTATIONS = YES;
				CLANG_WARN_DIRECT_OBJC_ISA_USAGE = YES_ERROR;
				CLANG_WARN_DOCUMENTATION_COMMENTS = YES;
				CLANG_WARN_EMPTY_BODY = YES;
				CLANG_WARN_ENUM_CONVERSION = YES;
				CLANG_WARN_INFINITE_RECURSION = YES;
				CLANG_WARN_INT_CONVERSION = YES;
				CLANG_WARN_NON_LITERAL_NULL_CONVERSION = YES;
				CLANG_WARN_OBJC_IMPLICIT_RETAIN_SELF = YES;
				CLANG_WARN_OBJC_LITERAL_CONVERSION = YES;
				CLANG_WARN_OBJC_ROOT_CLASS = YES_ERROR;
				CLANG_WARN_RANGE_LOOP_ANALYSIS = YES;
				CLANG_WARN_STRICT_PROTOTYPES = YES;
				CLANG_WARN_SUSPICIOUS_MOVE = YES;
				CLANG_WARN_UNGUARDED_AVAILABILITY = YES_AGGRESSIVE;
				CLANG_WARN_UNREACHABLE_CODE = YES;
				CLANG_WARN__DUPLICATE_METHOD_MATCH = YES;
				CODE_SIGN_IDENTITY = "iPhone Developer";
				COPY_PHASE_STRIP = NO;
				DEBUG_INFORMATION_FORMAT = "dwarf-with-dsym";
				ENABLE_NS_ASSERTIONS = NO;
				ENABLE_STRICT_OBJC_MSGSEND = YES;
				GCC_C_LANGUAGE_STANDARD = gnu11;
				GCC_NO_COMMON_BLOCKS = YES;
				GCC_WARN_64_TO_32_BIT_CONVERSION = YES;
				GCC_WARN_ABOUT_RETURN_TYPE = YES_ERROR;
				GCC_WARN_UNDECLARED_SELECTOR = YES;
				GCC_WARN_UNINITIALIZED_AUTOS = YES_AGGRESSIVE;
				GCC_WARN_UNUSED_FUNCTION = YES;
				GCC_WARN_UNUSED_VARIABLE = YES;
				IPHONEOS_DEPLOYMENT_TARGET = 12.2;
				MTL_ENABLE_DEBUG_INFO = NO;
				MTL_FAST_MATH = YES;
				SDKROOT = iphoneos;
				VALIDATE_PRODUCT = YES;
			};
			name = Release;
		};
		409CF2E12373CBDE002E5B3A /* Debug */ = {
			isa = XCBuildConfiguration;
			buildSettings = {
				ASSETCATALOG_COMPILER_APPICON_NAME = AppIcon;
				CODE_SIGN_STYLE = Automatic;
				FRAMEWORK_SEARCH_PATHS = (
					"$(inherited)",
					"$(PROJECT_DIR)/Framework",
				);
				INFOPLIST_FILE = EasyLibs/Info.plist;
				LD_RUNPATH_SEARCH_PATHS = (
					"$(inherited)",
					"@executable_path/Frameworks",
				);
				PRODUCT_BUNDLE_IDENTIFIER = com.token.EasyLibs;
				PRODUCT_NAME = "$(TARGET_NAME)";
				TARGETED_DEVICE_FAMILY = "1,2";
			};
			name = Debug;
		};
		409CF2E22373CBDE002E5B3A /* Release */ = {
			isa = XCBuildConfiguration;
			buildSettings = {
				ASSETCATALOG_COMPILER_APPICON_NAME = AppIcon;
				CODE_SIGN_STYLE = Automatic;
				FRAMEWORK_SEARCH_PATHS = (
					"$(inherited)",
					"$(PROJECT_DIR)/Framework",
				);
				INFOPLIST_FILE = EasyLibs/Info.plist;
				LD_RUNPATH_SEARCH_PATHS = (
					"$(inherited)",
					"@executable_path/Frameworks",
				);
				PRODUCT_BUNDLE_IDENTIFIER = com.token.EasyLibs;
				PRODUCT_NAME = "$(TARGET_NAME)";
				TARGETED_DEVICE_FAMILY = "1,2";
			};
			name = Release;
		};
/* End XCBuildConfiguration section */

/* Begin XCConfigurationList section */
		409CF2C52373CBDD002E5B3A /* Build configuration list for PBXProject "EasyLibs" */ = {
			isa = XCConfigurationList;
			buildConfigurations = (
				409CF2DE2373CBDE002E5B3A /* Debug */,
				409CF2DF2373CBDE002E5B3A /* Release */,
			);
			defaultConfigurationIsVisible = 0;
			defaultConfigurationName = Release;
		};
		409CF2E02373CBDE002E5B3A /* Build configuration list for PBXNativeTarget "EasyLibs" */ = {
			isa = XCConfigurationList;
			buildConfigurations = (
				409CF2E12373CBDE002E5B3A /* Debug */,
				409CF2E22373CBDE002E5B3A /* Release */,
			);
			defaultConfigurationIsVisible = 0;
			defaultConfigurationName = Release;
		};
/* End XCConfigurationList section */
	};
	rootObject = 409CF2C22373CBDD002E5B3A /* Project object */;
}
